// !$*UTF8*$!
{
	archiveVersion = 1;
	classes = {
	};
	objectVersion = 46;
	objects = {

/* Begin PBXBuildFile section */
		852A0BF61CD1BBD90081B206 /* testdata_1.json in Resources */ = {isa = PBXBuildFile; fileRef = 852A0BF51CD1BBD90081B206 /* testdata_1.json */; };
		852A0BFC1CD202FE0081B206 /* JJRSObjectDescription.m in Sources */ = {isa = PBXBuildFile; fileRef = 852A0BFB1CD202FE0081B206 /* JJRSObjectDescription.m */; };
		85A10FD71CCA13C8008626FA /* ObjectCreator.json in Resources */ = {isa = PBXBuildFile; fileRef = 85A10FBA1CCA13C8008626FA /* ObjectCreator.json */; };
		85A10FD81CCA13C8008626FA /* ActionCreator.m in Sources */ = {isa = PBXBuildFile; fileRef = 85A10FBD1CCA13C8008626FA /* ActionCreator.m */; };
		85A10FD91CCA13C8008626FA /* BinderCreator.m in Sources */ = {isa = PBXBuildFile; fileRef = 85A10FBF1CCA13C8008626FA /* BinderCreator.m */; };
		85A10FDA1CCA13C8008626FA /* DataCreator.m in Sources */ = {isa = PBXBuildFile; fileRef = 85A10FC11CCA13C8008626FA /* DataCreator.m */; };
		85A10FDB1CCA13C8008626FA /* ObjectCreator.m in Sources */ = {isa = PBXBuildFile; fileRef = 85A10FC31CCA13C8008626FA /* ObjectCreator.m */; };
		85A10FDC1CCA13C8008626FA /* UICreator.m in Sources */ = {isa = PBXBuildFile; fileRef = 85A10FC51CCA13C8008626FA /* UICreator.m */; };
		85A10FDD1CCA13C8008626FA /* DAUManager.m in Sources */ = {isa = PBXBuildFile; fileRef = 85A10FC81CCA13C8008626FA /* DAUManager.m */; };
		85A10FDE1CCA13C8008626FA /* ObjectManager.m in Sources */ = {isa = PBXBuildFile; fileRef = 85A10FCA1CCA13C8008626FA /* ObjectManager.m */; };
		85A10FE51CCA161B008626FA /* RegisterViewLayout.json in Resources */ = {isa = PBXBuildFile; fileRef = 85A10FE41CCA161B008626FA /* RegisterViewLayout.json */; };
		85C750C21CCE27E200481D36 /* ModelDefine.json in Resources */ = {isa = PBXBuildFile; fileRef = 85C750C11CCE27E200481D36 /* ModelDefine.json */; };
		85C750C41CCF15AA00481D36 /* FirstViewLayout.json in Resources */ = {isa = PBXBuildFile; fileRef = 85C750C31CCF15AA00481D36 /* FirstViewLayout.json */; };
		85C750CD1CCF1C4500481D36 /* Action.m in Sources */ = {isa = PBXBuildFile; fileRef = 85C750C61CCF1C4500481D36 /* Action.m */; };
		85C750CE1CCF1C4500481D36 /* Binder.m in Sources */ = {isa = PBXBuildFile; fileRef = 85C750C81CCF1C4500481D36 /* Binder.m */; };
		85C750CF1CCF1C4500481D36 /* Data.m in Sources */ = {isa = PBXBuildFile; fileRef = 85C750CA1CCF1C4500481D36 /* Data.m */; };
		85C750D01CCF1C4500481D36 /* UI.m in Sources */ = {isa = PBXBuildFile; fileRef = 85C750CC1CCF1C4500481D36 /* UI.m */; };
		85C750D31CCF1CA600481D36 /* ModelDefine.m in Sources */ = {isa = PBXBuildFile; fileRef = 85C750D21CCF1CA600481D36 /* ModelDefine.m */; };
		85C750D51CCF354400481D36 /* testdata.json in Resources */ = {isa = PBXBuildFile; fileRef = 85C750D41CCF354400481D36 /* testdata.json */; };
		85DD9E321CC9244100DF09FB /* main.m in Sources */ = {isa = PBXBuildFile; fileRef = 85DD9E311CC9244100DF09FB /* main.m */; };
		85DD9E351CC9244100DF09FB /* AppDelegate.m in Sources */ = {isa = PBXBuildFile; fileRef = 85DD9E341CC9244100DF09FB /* AppDelegate.m */; };
		85DD9E381CC9244200DF09FB /* ViewController.m in Sources */ = {isa = PBXBuildFile; fileRef = 85DD9E371CC9244200DF09FB /* ViewController.m */; };
		85DD9E3B1CC9244200DF09FB /* Main.storyboard in Resources */ = {isa = PBXBuildFile; fileRef = 85DD9E391CC9244200DF09FB /* Main.storyboard */; };
		85DD9E3D1CC9244200DF09FB /* Assets.xcassets in Resources */ = {isa = PBXBuildFile; fileRef = 85DD9E3C1CC9244200DF09FB /* Assets.xcassets */; };
		85DD9E401CC9244200DF09FB /* LaunchScreen.storyboard in Resources */ = {isa = PBXBuildFile; fileRef = 85DD9E3E1CC9244200DF09FB /* LaunchScreen.storyboard */; };
		85DD9E4B1CC9244200DF09FB /* DAUFrameworkTests.m in Sources */ = {isa = PBXBuildFile; fileRef = 85DD9E4A1CC9244200DF09FB /* DAUFrameworkTests.m */; };
		85DD9E561CC9244200DF09FB /* DAUFrameworkUITests.m in Sources */ = {isa = PBXBuildFile; fileRef = 85DD9E551CC9244200DF09FB /* DAUFrameworkUITests.m */; };
		C6568962B0EDDF861FA669F6 /* libPods.a in Frameworks */ = {isa = PBXBuildFile; fileRef = C75631E6F4975FAF1A7D1A8E /* libPods.a */; };
/* End PBXBuildFile section */

/* Begin PBXContainerItemProxy section */
		85DD9E471CC9244200DF09FB /* PBXContainerItemProxy */ = {
			isa = PBXContainerItemProxy;
			containerPortal = 85DD9E251CC9244100DF09FB /* Project object */;
			proxyType = 1;
			remoteGlobalIDString = 85DD9E2C1CC9244100DF09FB;
			remoteInfo = DAUFramework;
		};
		85DD9E521CC9244200DF09FB /* PBXContainerItemProxy */ = {
			isa = PBXContainerItemProxy;
			containerPortal = 85DD9E251CC9244100DF09FB /* Project object */;
			proxyType = 1;
			remoteGlobalIDString = 85DD9E2C1CC9244100DF09FB;
			remoteInfo = DAUFramework;
		};
/* End PBXContainerItemProxy section */

/* Begin PBXFileReference section */
		0E4D02ED57D47348E84D2A06 /* Pods.debug.xcconfig */ = {isa = PBXFileReference; includeInIndex = 1; lastKnownFileType = text.xcconfig; name = Pods.debug.xcconfig; path = "Pods/Target Support Files/Pods/Pods.debug.xcconfig"; sourceTree = "<group>"; };
		852A0BF51CD1BBD90081B206 /* testdata_1.json */ = {isa = PBXFileReference; fileEncoding = 4; lastKnownFileType = text.json; path = testdata_1.json; sourceTree = "<group>"; };
		852A0BFA1CD202FE0081B206 /* JJRSObjectDescription.h */ = {isa = PBXFileReference; fileEncoding = 4; lastKnownFileType = sourcecode.c.h; path = JJRSObjectDescription.h; sourceTree = "<group>"; };
		852A0BFB1CD202FE0081B206 /* JJRSObjectDescription.m */ = {isa = PBXFileReference; fileEncoding = 4; lastKnownFileType = sourcecode.c.objc; path = JJRSObjectDescription.m; sourceTree = "<group>"; };
		85A10FBA1CCA13C8008626FA /* ObjectCreator.json */ = {isa = PBXFileReference; fileEncoding = 4; lastKnownFileType = text.json; path = ObjectCreator.json; sourceTree = "<group>"; };
		85A10FBC1CCA13C8008626FA /* ActionCreator.h */ = {isa = PBXFileReference; fileEncoding = 4; lastKnownFileType = sourcecode.c.h; path = ActionCreator.h; sourceTree = "<group>"; };
		85A10FBD1CCA13C8008626FA /* ActionCreator.m */ = {isa = PBXFileReference; fileEncoding = 4; lastKnownFileType = sourcecode.c.objc; path = ActionCreator.m; sourceTree = "<group>"; };
		85A10FBE1CCA13C8008626FA /* BinderCreator.h */ = {isa = PBXFileReference; fileEncoding = 4; lastKnownFileType = sourcecode.c.h; path = BinderCreator.h; sourceTree = "<group>"; };
		85A10FBF1CCA13C8008626FA /* BinderCreator.m */ = {isa = PBXFileReference; fileEncoding = 4; lastKnownFileType = sourcecode.c.objc; path = BinderCreator.m; sourceTree = "<group>"; };
		85A10FC01CCA13C8008626FA /* DataCreator.h */ = {isa = PBXFileReference; fileEncoding = 4; lastKnownFileType = sourcecode.c.h; path = DataCreator.h; sourceTree = "<group>"; };
		85A10FC11CCA13C8008626FA /* DataCreator.m */ = {isa = PBXFileReference; fileEncoding = 4; lastKnownFileType = sourcecode.c.objc; path = DataCreator.m; sourceTree = "<group>"; };
		85A10FC21CCA13C8008626FA /* ObjectCreator.h */ = {isa = PBXFileReference; fileEncoding = 4; lastKnownFileType = sourcecode.c.h; path = ObjectCreator.h; sourceTree = "<group>"; };
		85A10FC31CCA13C8008626FA /* ObjectCreator.m */ = {isa = PBXFileReference; fileEncoding = 4; lastKnownFileType = sourcecode.c.objc; path = ObjectCreator.m; sourceTree = "<group>"; };
		85A10FC41CCA13C8008626FA /* UICreator.h */ = {isa = PBXFileReference; fileEncoding = 4; lastKnownFileType = sourcecode.c.h; path = UICreator.h; sourceTree = "<group>"; };
		85A10FC51CCA13C8008626FA /* UICreator.m */ = {isa = PBXFileReference; fileEncoding = 4; lastKnownFileType = sourcecode.c.objc; path = UICreator.m; sourceTree = "<group>"; };
		85A10FC71CCA13C8008626FA /* DAUManager.h */ = {isa = PBXFileReference; fileEncoding = 4; lastKnownFileType = sourcecode.c.h; path = DAUManager.h; sourceTree = "<group>"; };
		85A10FC81CCA13C8008626FA /* DAUManager.m */ = {isa = PBXFileReference; fileEncoding = 4; lastKnownFileType = sourcecode.c.objc; path = DAUManager.m; sourceTree = "<group>"; };
		85A10FC91CCA13C8008626FA /* ObjectManager.h */ = {isa = PBXFileReference; fileEncoding = 4; lastKnownFileType = sourcecode.c.h; path = ObjectManager.h; sourceTree = "<group>"; };
		85A10FCA1CCA13C8008626FA /* ObjectManager.m */ = {isa = PBXFileReference; fileEncoding = 4; lastKnownFileType = sourcecode.c.objc; path = ObjectManager.m; sourceTree = "<group>"; };
		85A10FE41CCA161B008626FA /* RegisterViewLayout.json */ = {isa = PBXFileReference; fileEncoding = 4; lastKnownFileType = text.json; path = RegisterViewLayout.json; sourceTree = "<group>"; };
		85C750C11CCE27E200481D36 /* ModelDefine.json */ = {isa = PBXFileReference; fileEncoding = 4; lastKnownFileType = text.json; path = ModelDefine.json; sourceTree = "<group>"; };
		85C750C31CCF15AA00481D36 /* FirstViewLayout.json */ = {isa = PBXFileReference; fileEncoding = 4; lastKnownFileType = text.json; path = FirstViewLayout.json; sourceTree = "<group>"; };
		85C750C51CCF1C4500481D36 /* Action.h */ = {isa = PBXFileReference; fileEncoding = 4; lastKnownFileType = sourcecode.c.h; name = Action.h; path = DAUFramework/Object/Action.h; sourceTree = SOURCE_ROOT; };
		85C750C61CCF1C4500481D36 /* Action.m */ = {isa = PBXFileReference; fileEncoding = 4; lastKnownFileType = sourcecode.c.objc; name = Action.m; path = DAUFramework/Object/Action.m; sourceTree = SOURCE_ROOT; };
		85C750C71CCF1C4500481D36 /* Binder.h */ = {isa = PBXFileReference; fileEncoding = 4; lastKnownFileType = sourcecode.c.h; name = Binder.h; path = DAUFramework/Object/Binder.h; sourceTree = SOURCE_ROOT; };
		85C750C81CCF1C4500481D36 /* Binder.m */ = {isa = PBXFileReference; fileEncoding = 4; lastKnownFileType = sourcecode.c.objc; name = Binder.m; path = DAUFramework/Object/Binder.m; sourceTree = SOURCE_ROOT; };
		85C750C91CCF1C4500481D36 /* Data.h */ = {isa = PBXFileReference; fileEncoding = 4; lastKnownFileType = sourcecode.c.h; name = Data.h; path = DAUFramework/Object/Data.h; sourceTree = SOURCE_ROOT; };
		85C750CA1CCF1C4500481D36 /* Data.m */ = {isa = PBXFileReference; fileEncoding = 4; lastKnownFileType = sourcecode.c.objc; name = Data.m; path = DAUFramework/Object/Data.m; sourceTree = SOURCE_ROOT; };
		85C750CB1CCF1C4500481D36 /* UI.h */ = {isa = PBXFileReference; fileEncoding = 4; lastKnownFileType = sourcecode.c.h; name = UI.h; path = DAUFramework/Object/UI.h; sourceTree = SOURCE_ROOT; };
		85C750CC1CCF1C4500481D36 /* UI.m */ = {isa = PBXFileReference; fileEncoding = 4; lastKnownFileType = sourcecode.c.objc; name = UI.m; path = DAUFramework/Object/UI.m; sourceTree = SOURCE_ROOT; };
		85C750D11CCF1CA600481D36 /* ModelDefine.h */ = {isa = PBXFileReference; fileEncoding = 4; lastKnownFileType = sourcecode.c.h; name = ModelDefine.h; path = DAUFramework/Object/ModelDefine.h; sourceTree = SOURCE_ROOT; };
		85C750D21CCF1CA600481D36 /* ModelDefine.m */ = {isa = PBXFileReference; fileEncoding = 4; lastKnownFileType = sourcecode.c.objc; name = ModelDefine.m; path = DAUFramework/Object/ModelDefine.m; sourceTree = SOURCE_ROOT; };
		85C750D41CCF354400481D36 /* testdata.json */ = {isa = PBXFileReference; fileEncoding = 4; lastKnownFileType = text.json; path = testdata.json; sourceTree = "<group>"; };
		85DD9E2D1CC9244100DF09FB /* DAUFramework.app */ = {isa = PBXFileReference; explicitFileType = wrapper.application; includeInIndex = 0; path = DAUFramework.app; sourceTree = BUILT_PRODUCTS_DIR; };
		85DD9E311CC9244100DF09FB /* main.m */ = {isa = PBXFileReference; lastKnownFileType = sourcecode.c.objc; path = main.m; sourceTree = "<group>"; };
		85DD9E331CC9244100DF09FB /* AppDelegate.h */ = {isa = PBXFileReference; lastKnownFileType = sourcecode.c.h; path = AppDelegate.h; sourceTree = "<group>"; };
		85DD9E341CC9244100DF09FB /* AppDelegate.m */ = {isa = PBXFileReference; lastKnownFileType = sourcecode.c.objc; path = AppDelegate.m; sourceTree = "<group>"; };
		85DD9E361CC9244100DF09FB /* ViewController.h */ = {isa = PBXFileReference; lastKnownFileType = sourcecode.c.h; path = ViewController.h; sourceTree = "<group>"; };
		85DD9E371CC9244200DF09FB /* ViewController.m */ = {isa = PBXFileReference; lastKnownFileType = sourcecode.c.objc; path = ViewController.m; sourceTree = "<group>"; };
		85DD9E3A1CC9244200DF09FB /* Base */ = {isa = PBXFileReference; lastKnownFileType = file.storyboard; name = Base; path = Base.lproj/Main.storyboard; sourceTree = "<group>"; };
		85DD9E3C1CC9244200DF09FB /* Assets.xcassets */ = {isa = PBXFileReference; lastKnownFileType = folder.assetcatalog; path = Assets.xcassets; sourceTree = "<group>"; };
		85DD9E3F1CC9244200DF09FB /* Base */ = {isa = PBXFileReference; lastKnownFileType = file.storyboard; name = Base; path = Base.lproj/LaunchScreen.storyboard; sourceTree = "<group>"; };
		85DD9E411CC9244200DF09FB /* Info.plist */ = {isa = PBXFileReference; lastKnownFileType = text.plist.xml; path = Info.plist; sourceTree = "<group>"; };
		85DD9E461CC9244200DF09FB /* DAUFrameworkTests.xctest */ = {isa = PBXFileReference; explicitFileType = wrapper.cfbundle; includeInIndex = 0; path = DAUFrameworkTests.xctest; sourceTree = BUILT_PRODUCTS_DIR; };
		85DD9E4A1CC9244200DF09FB /* DAUFrameworkTests.m */ = {isa = PBXFileReference; lastKnownFileType = sourcecode.c.objc; path = DAUFrameworkTests.m; sourceTree = "<group>"; };
		85DD9E4C1CC9244200DF09FB /* Info.plist */ = {isa = PBXFileReference; lastKnownFileType = text.plist.xml; path = Info.plist; sourceTree = "<group>"; };
		85DD9E511CC9244200DF09FB /* DAUFrameworkUITests.xctest */ = {isa = PBXFileReference; explicitFileType = wrapper.cfbundle; includeInIndex = 0; path = DAUFrameworkUITests.xctest; sourceTree = BUILT_PRODUCTS_DIR; };
		85DD9E551CC9244200DF09FB /* DAUFrameworkUITests.m */ = {isa = PBXFileReference; lastKnownFileType = sourcecode.c.objc; path = DAUFrameworkUITests.m; sourceTree = "<group>"; };
		85DD9E571CC9244200DF09FB /* Info.plist */ = {isa = PBXFileReference; lastKnownFileType = text.plist.xml; path = Info.plist; sourceTree = "<group>"; };
		9321A3A095978CFFC40D25FC /* Pods.release.xcconfig */ = {isa = PBXFileReference; includeInIndex = 1; lastKnownFileType = text.xcconfig; name = Pods.release.xcconfig; path = "Pods/Target Support Files/Pods/Pods.release.xcconfig"; sourceTree = "<group>"; };
		C75631E6F4975FAF1A7D1A8E /* libPods.a */ = {isa = PBXFileReference; explicitFileType = archive.ar; includeInIndex = 0; path = libPods.a; sourceTree = BUILT_PRODUCTS_DIR; };
/* End PBXFileReference section */

/* Begin PBXFrameworksBuildPhase section */
		85DD9E2A1CC9244100DF09FB /* Frameworks */ = {
			isa = PBXFrameworksBuildPhase;
			buildActionMask = 2147483647;
			files = (
				C6568962B0EDDF861FA669F6 /* libPods.a in Frameworks */,
			);
			runOnlyForDeploymentPostprocessing = 0;
		};
		85DD9E431CC9244200DF09FB /* Frameworks */ = {
			isa = PBXFrameworksBuildPhase;
			buildActionMask = 2147483647;
			files = (
			);
			runOnlyForDeploymentPostprocessing = 0;
		};
		85DD9E4E1CC9244200DF09FB /* Frameworks */ = {
			isa = PBXFrameworksBuildPhase;
			buildActionMask = 2147483647;
			files = (
			);
			runOnlyForDeploymentPostprocessing = 0;
		};
/* End PBXFrameworksBuildPhase section */

/* Begin PBXGroup section */
		4E93EAC23153888ED3EB5730 /* Frameworks */ = {
			isa = PBXGroup;
			children = (
				C75631E6F4975FAF1A7D1A8E /* libPods.a */,
			);
			name = Frameworks;
			sourceTree = "<group>";
		};
		85A10FB91CCA13C8008626FA /* Config */ = {
			isa = PBXGroup;
			children = (
				85C750C31CCF15AA00481D36 /* FirstViewLayout.json */,
				85A10FBA1CCA13C8008626FA /* ObjectCreator.json */,
				85A10FE41CCA161B008626FA /* RegisterViewLayout.json */,
				85C750C11CCE27E200481D36 /* ModelDefine.json */,
				85C750D41CCF354400481D36 /* testdata.json */,
				852A0BF51CD1BBD90081B206 /* testdata_1.json */,
			);
			path = Config;
			sourceTree = "<group>";
		};
		85A10FBB1CCA13C8008626FA /* Creator */ = {
			isa = PBXGroup;
			children = (
				85A10FBC1CCA13C8008626FA /* ActionCreator.h */,
				85A10FBD1CCA13C8008626FA /* ActionCreator.m */,
				85A10FBE1CCA13C8008626FA /* BinderCreator.h */,
				85A10FBF1CCA13C8008626FA /* BinderCreator.m */,
				85A10FC01CCA13C8008626FA /* DataCreator.h */,
				85A10FC11CCA13C8008626FA /* DataCreator.m */,
				85A10FC21CCA13C8008626FA /* ObjectCreator.h */,
				85A10FC31CCA13C8008626FA /* ObjectCreator.m */,
				85A10FC41CCA13C8008626FA /* UICreator.h */,
				85A10FC51CCA13C8008626FA /* UICreator.m */,
			);
			path = Creator;
			sourceTree = "<group>";
		};
		85A10FC61CCA13C8008626FA /* Manager */ = {
			isa = PBXGroup;
			children = (
				85A10FC71CCA13C8008626FA /* DAUManager.h */,
				85A10FC81CCA13C8008626FA /* DAUManager.m */,
				85A10FC91CCA13C8008626FA /* ObjectManager.h */,
				85A10FCA1CCA13C8008626FA /* ObjectManager.m */,
			);
			path = Manager;
			sourceTree = "<group>";
		};
		85A10FCB1CCA13C8008626FA /* Object */ = {
			isa = PBXGroup;
			children = (
				85C750C51CCF1C4500481D36 /* Action.h */,
				85C750C61CCF1C4500481D36 /* Action.m */,
				85C750C71CCF1C4500481D36 /* Binder.h */,
				85C750C81CCF1C4500481D36 /* Binder.m */,
				85C750C91CCF1C4500481D36 /* Data.h */,
				85C750CA1CCF1C4500481D36 /* Data.m */,
				85C750CB1CCF1C4500481D36 /* UI.h */,
				85C750CC1CCF1C4500481D36 /* UI.m */,
				85C750D11CCF1CA600481D36 /* ModelDefine.h */,
				85C750D21CCF1CA600481D36 /* ModelDefine.m */,
			);
			name = Object;
			path = Model;
			sourceTree = "<group>";
		};
		85A10FD41CCA13C8008626FA /* Tools */ = {
			isa = PBXGroup;
			children = (
				852A0BFA1CD202FE0081B206 /* JJRSObjectDescription.h */,
				852A0BFB1CD202FE0081B206 /* JJRSObjectDescription.m */,
			);
			path = Tools;
			sourceTree = "<group>";
		};
		85DD9E241CC9244100DF09FB = {
			isa = PBXGroup;
			children = (
				85DD9E2F1CC9244100DF09FB /* DAUFramework */,
				85DD9E491CC9244200DF09FB /* DAUFrameworkTests */,
				85DD9E541CC9244200DF09FB /* DAUFrameworkUITests */,
				85DD9E2E1CC9244100DF09FB /* Products */,
				CE301EF9276D005EF2CD0755 /* Pods */,
				4E93EAC23153888ED3EB5730 /* Frameworks */,
			);
			sourceTree = "<group>";
		};
		85DD9E2E1CC9244100DF09FB /* Products */ = {
			isa = PBXGroup;
			children = (
				85DD9E2D1CC9244100DF09FB /* DAUFramework.app */,
				85DD9E461CC9244200DF09FB /* DAUFrameworkTests.xctest */,
				85DD9E511CC9244200DF09FB /* DAUFrameworkUITests.xctest */,
			);
			name = Products;
			sourceTree = "<group>";
		};
		85DD9E2F1CC9244100DF09FB /* DAUFramework */ = {
			isa = PBXGroup;
			children = (
				85A10FB91CCA13C8008626FA /* Config */,
				85A10FBB1CCA13C8008626FA /* Creator */,
				85A10FC61CCA13C8008626FA /* Manager */,
				85A10FCB1CCA13C8008626FA /* Object */,
				85A10FD41CCA13C8008626FA /* Tools */,
				85DD9E331CC9244100DF09FB /* AppDelegate.h */,
				85DD9E341CC9244100DF09FB /* AppDelegate.m */,
				85DD9E361CC9244100DF09FB /* ViewController.h */,
				85DD9E371CC9244200DF09FB /* ViewController.m */,
				85DD9E391CC9244200DF09FB /* Main.storyboard */,
				85DD9E3C1CC9244200DF09FB /* Assets.xcassets */,
				85DD9E3E1CC9244200DF09FB /* LaunchScreen.storyboard */,
				85DD9E411CC9244200DF09FB /* Info.plist */,
				85DD9E301CC9244100DF09FB /* Supporting Files */,
			);
			path = DAUFramework;
			sourceTree = "<group>";
		};
		85DD9E301CC9244100DF09FB /* Supporting Files */ = {
			isa = PBXGroup;
			children = (
				85DD9E311CC9244100DF09FB /* main.m */,
			);
			name = "Supporting Files";
			sourceTree = "<group>";
		};
		85DD9E491CC9244200DF09FB /* DAUFrameworkTests */ = {
			isa = PBXGroup;
			children = (
				85DD9E4A1CC9244200DF09FB /* DAUFrameworkTests.m */,
				85DD9E4C1CC9244200DF09FB /* Info.plist */,
			);
			path = DAUFrameworkTests;
			sourceTree = "<group>";
		};
		85DD9E541CC9244200DF09FB /* DAUFrameworkUITests */ = {
			isa = PBXGroup;
			children = (
				85DD9E551CC9244200DF09FB /* DAUFrameworkUITests.m */,
				85DD9E571CC9244200DF09FB /* Info.plist */,
			);
			path = DAUFrameworkUITests;
			sourceTree = "<group>";
		};
		CE301EF9276D005EF2CD0755 /* Pods */ = {
			isa = PBXGroup;
			children = (
				0E4D02ED57D47348E84D2A06 /* Pods.debug.xcconfig */,
				9321A3A095978CFFC40D25FC /* Pods.release.xcconfig */,
			);
			name = Pods;
			sourceTree = "<group>";
		};
/* End PBXGroup section */

/* Begin PBXNativeTarget section */
		85DD9E2C1CC9244100DF09FB /* DAUFramework */ = {
			isa = PBXNativeTarget;
			buildConfigurationList = 85DD9E5A1CC9244200DF09FB /* Build configuration list for PBXNativeTarget "DAUFramework" */;
			buildPhases = (
				60B8B1966B51012F6B6316DA /* Check Pods Manifest.lock */,
				85DD9E291CC9244100DF09FB /* Sources */,
				85DD9E2A1CC9244100DF09FB /* Frameworks */,
				85DD9E2B1CC9244100DF09FB /* Resources */,
				909B9C1DB44CFDAAE631A468 /* Embed Pods Frameworks */,
				8817AC000534FB8048B083C3 /* Copy Pods Resources */,
			);
			buildRules = (
			);
			dependencies = (
			);
			name = DAUFramework;
			productName = DAUFramework;
			productReference = 85DD9E2D1CC9244100DF09FB /* DAUFramework.app */;
			productType = "com.apple.product-type.application";
		};
		85DD9E451CC9244200DF09FB /* DAUFrameworkTests */ = {
			isa = PBXNativeTarget;
			buildConfigurationList = 85DD9E5D1CC9244200DF09FB /* Build configuration list for PBXNativeTarget "DAUFrameworkTests" */;
			buildPhases = (
				85DD9E421CC9244200DF09FB /* Sources */,
				85DD9E431CC9244200DF09FB /* Frameworks */,
				85DD9E441CC9244200DF09FB /* Resources */,
			);
			buildRules = (
			);
			dependencies = (
				85DD9E481CC9244200DF09FB /* PBXTargetDependency */,
			);
			name = DAUFrameworkTests;
			productName = DAUFrameworkTests;
			productReference = 85DD9E461CC9244200DF09FB /* DAUFrameworkTests.xctest */;
			productType = "com.apple.product-type.bundle.unit-test";
		};
		85DD9E501CC9244200DF09FB /* DAUFrameworkUITests */ = {
			isa = PBXNativeTarget;
			buildConfigurationList = 85DD9E601CC9244200DF09FB /* Build configuration list for PBXNativeTarget "DAUFrameworkUITests" */;
			buildPhases = (
				85DD9E4D1CC9244200DF09FB /* Sources */,
				85DD9E4E1CC9244200DF09FB /* Frameworks */,
				85DD9E4F1CC9244200DF09FB /* Resources */,
			);
			buildRules = (
			);
			dependencies = (
				85DD9E531CC9244200DF09FB /* PBXTargetDependency */,
			);
			name = DAUFrameworkUITests;
			productName = DAUFrameworkUITests;
			productReference = 85DD9E511CC9244200DF09FB /* DAUFrameworkUITests.xctest */;
			productType = "com.apple.product-type.bundle.ui-testing";
		};
/* End PBXNativeTarget section */

/* Begin PBXProject section */
		85DD9E251CC9244100DF09FB /* Project object */ = {
			isa = PBXProject;
			attributes = {
				LastUpgradeCheck = 0730;
				ORGANIZATIONNAME = zhipeng;
				TargetAttributes = {
					85DD9E2C1CC9244100DF09FB = {
						CreatedOnToolsVersion = 7.3;
					};
					85DD9E451CC9244200DF09FB = {
						CreatedOnToolsVersion = 7.3;
						TestTargetID = 85DD9E2C1CC9244100DF09FB;
					};
					85DD9E501CC9244200DF09FB = {
						CreatedOnToolsVersion = 7.3;
						TestTargetID = 85DD9E2C1CC9244100DF09FB;
					};
				};
			};
			buildConfigurationList = 85DD9E281CC9244100DF09FB /* Build configuration list for PBXProject "DAUFramework" */;
			compatibilityVersion = "Xcode 3.2";
			developmentRegion = English;
			hasScannedForEncodings = 0;
			knownRegions = (
				en,
				Base,
			);
			mainGroup = 85DD9E241CC9244100DF09FB;
			productRefGroup = 85DD9E2E1CC9244100DF09FB /* Products */;
			projectDirPath = "";
			projectRoot = "";
			targets = (
				85DD9E2C1CC9244100DF09FB /* DAUFramework */,
				85DD9E451CC9244200DF09FB /* DAUFrameworkTests */,
				85DD9E501CC9244200DF09FB /* DAUFrameworkUITests */,
			);
		};
/* End PBXProject section */

/* Begin PBXResourcesBuildPhase section */
		85DD9E2B1CC9244100DF09FB /* Resources */ = {
			isa = PBXResourcesBuildPhase;
			buildActionMask = 2147483647;
			files = (
				85DD9E401CC9244200DF09FB /* LaunchScreen.storyboard in Resources */,
				85DD9E3D1CC9244200DF09FB /* Assets.xcassets in Resources */,
				85A10FD71CCA13C8008626FA /* ObjectCreator.json in Resources */,
				85C750C21CCE27E200481D36 /* ModelDefine.json in Resources */,
				852A0BF61CD1BBD90081B206 /* testdata_1.json in Resources */,
				85DD9E3B1CC9244200DF09FB /* Main.storyboard in Resources */,
				85C750C41CCF15AA00481D36 /* FirstViewLayout.json in Resources */,
				85A10FE51CCA161B008626FA /* RegisterViewLayout.json in Resources */,
				85C750D51CCF354400481D36 /* testdata.json in Resources */,
			);
			runOnlyForDeploymentPostprocessing = 0;
		};
		85DD9E441CC9244200DF09FB /* Resources */ = {
			isa = PBXResourcesBuildPhase;
			buildActionMask = 2147483647;
			files = (
			);
			runOnlyForDeploymentPostprocessing = 0;
		};
		85DD9E4F1CC9244200DF09FB /* Resources */ = {
			isa = PBXResourcesBuildPhase;
			buildActionMask = 2147483647;
			files = (
			);
			runOnlyForDeploymentPostprocessing = 0;
		};
/* End PBXResourcesBuildPhase section */

/* Begin PBXShellScriptBuildPhase section */
		60B8B1966B51012F6B6316DA /* Check Pods Manifest.lock */ = {
			isa = PBXShellScriptBuildPhase;
			buildActionMask = 2147483647;
			files = (
			);
			inputPaths = (
			);
			name = "Check Pods Manifest.lock";
			outputPaths = (
			);
			runOnlyForDeploymentPostprocessing = 0;
			shellPath = /bin/sh;
			shellScript = "diff \"${PODS_ROOT}/../Podfile.lock\" \"${PODS_ROOT}/Manifest.lock\" > /dev/null\nif [[ $? != 0 ]] ; then\n    cat << EOM\nerror: The sandbox is not in sync with the Podfile.lock. Run 'pod install' or update your CocoaPods installation.\nEOM\n    exit 1\nfi\n";
			showEnvVarsInLog = 0;
		};
		8817AC000534FB8048B083C3 /* Copy Pods Resources */ = {
			isa = PBXShellScriptBuildPhase;
			buildActionMask = 2147483647;
			files = (
			);
			inputPaths = (
			);
			name = "Copy Pods Resources";
			outputPaths = (
			);
			runOnlyForDeploymentPostprocessing = 0;
			shellPath = /bin/sh;
			shellScript = "\"${SRCROOT}/Pods/Target Support Files/Pods/Pods-resources.sh\"\n";
			showEnvVarsInLog = 0;
		};
		909B9C1DB44CFDAAE631A468 /* Embed Pods Frameworks */ = {
			isa = PBXShellScriptBuildPhase;
			buildActionMask = 2147483647;
			files = (
			);
			inputPaths = (
			);
			name = "Embed Pods Frameworks";
			outputPaths = (
			);
			runOnlyForDeploymentPostprocessing = 0;
			shellPath = /bin/sh;
			shellScript = "\"${SRCROOT}/Pods/Target Support Files/Pods/Pods-frameworks.sh\"\n";
			showEnvVarsInLog = 0;
		};
/* End PBXShellScriptBuildPhase section */

/* Begin PBXSourcesBuildPhase section */
		85DD9E291CC9244100DF09FB /* Sources */ = {
			isa = PBXSourcesBuildPhase;
			buildActionMask = 2147483647;
			files = (
				85A10FDB1CCA13C8008626FA /* ObjectCreator.m in Sources */,
				85A10FD81CCA13C8008626FA /* ActionCreator.m in Sources */,
				85C750CE1CCF1C4500481D36 /* Binder.m in Sources */,
				85A10FD91CCA13C8008626FA /* BinderCreator.m in Sources */,
				85C750D31CCF1CA600481D36 /* ModelDefine.m in Sources */,
				852A0BFC1CD202FE0081B206 /* JJRSObjectDescription.m in Sources */,
				85A10FDE1CCA13C8008626FA /* ObjectManager.m in Sources */,
				85DD9E381CC9244200DF09FB /* ViewController.m in Sources */,
				85C750D01CCF1C4500481D36 /* UI.m in Sources */,
				85A10FDC1CCA13C8008626FA /* UICreator.m in Sources */,
				85DD9E351CC9244100DF09FB /* AppDelegate.m in Sources */,
				85A10FDD1CCA13C8008626FA /* DAUManager.m in Sources */,
				85A10FDA1CCA13C8008626FA /* DataCreator.m in Sources */,
				85C750CD1CCF1C4500481D36 /* Action.m in Sources */,
				85C750CF1CCF1C4500481D36 /* Data.m in Sources */,
				85DD9E321CC9244100DF09FB /* main.m in Sources */,
			);
			runOnlyForDeploymentPostprocessing = 0;
		};
		85DD9E421CC9244200DF09FB /* Sources */ = {
			isa = PBXSourcesBuildPhase;
			buildActionMask = 2147483647;
			files = (
				85DD9E4B1CC9244200DF09FB /* DAUFrameworkTests.m in Sources */,
			);
			runOnlyForDeploymentPostprocessing = 0;
		};
		85DD9E4D1CC9244200DF09FB /* Sources */ = {
			isa = PBXSourcesBuildPhase;
			buildActionMask = 2147483647;
			files = (
				85DD9E561CC9244200DF09FB /* DAUFrameworkUITests.m in Sources */,
			);
			runOnlyForDeploymentPostprocessing = 0;
		};
/* End PBXSourcesBuildPhase section */

/* Begin PBXTargetDependency section */
		85DD9E481CC9244200DF09FB /* PBXTargetDependency */ = {
			isa = PBXTargetDependency;
			target = 85DD9E2C1CC9244100DF09FB /* DAUFramework */;
			targetProxy = 85DD9E471CC9244200DF09FB /* PBXContainerItemProxy */;
		};
		85DD9E531CC9244200DF09FB /* PBXTargetDependency */ = {
			isa = PBXTargetDependency;
			target = 85DD9E2C1CC9244100DF09FB /* DAUFramework */;
			targetProxy = 85DD9E521CC9244200DF09FB /* PBXContainerItemProxy */;
		};
/* End PBXTargetDependency section */

/* Begin PBXVariantGroup section */
		85DD9E391CC9244200DF09FB /* Main.storyboard */ = {
			isa = PBXVariantGroup;
			children = (
				85DD9E3A1CC9244200DF09FB /* Base */,
			);
			name = Main.storyboard;
			sourceTree = "<group>";
		};
		85DD9E3E1CC9244200DF09FB /* LaunchScreen.storyboard */ = {
			isa = PBXVariantGroup;
			children = (
				85DD9E3F1CC9244200DF09FB /* Base */,
			);
			name = LaunchScreen.storyboard;
			sourceTree = "<group>";
		};
/* End PBXVariantGroup section */

/* Begin XCBuildConfiguration section */
		85DD9E581CC9244200DF09FB /* Debug */ = {
			isa = XCBuildConfiguration;
			buildSettings = {
				ALWAYS_SEARCH_USER_PATHS = NO;
				CLANG_ANALYZER_NONNULL = YES;
				CLANG_CXX_LANGUAGE_STANDARD = "gnu++0x";
				CLANG_CXX_LIBRARY = "libc++";
				CLANG_ENABLE_MODULES = YES;
				CLANG_ENABLE_OBJC_ARC = YES;
				CLANG_WARN_BOOL_CONVERSION = YES;
				CLANG_WARN_CONSTANT_CONVERSION = YES;
				CLANG_WARN_DIRECT_OBJC_ISA_USAGE = YES_ERROR;
				CLANG_WARN_EMPTY_BODY = YES;
				CLANG_WARN_ENUM_CONVERSION = YES;
				CLANG_WARN_INT_CONVERSION = YES;
				CLANG_WARN_OBJC_ROOT_CLASS = YES_ERROR;
				CLANG_WARN_UNREACHABLE_CODE = YES;
				CLANG_WARN__DUPLICATE_METHOD_MATCH = YES;
				"CODE_SIGN_IDENTITY[sdk=iphoneos*]" = "iPhone Developer";
				COPY_PHASE_STRIP = NO;
				DEBUG_INFORMATION_FORMAT = dwarf;
				ENABLE_STRICT_OBJC_MSGSEND = YES;
				ENABLE_TESTABILITY = YES;
				GCC_C_LANGUAGE_STANDARD = gnu99;
				GCC_DYNAMIC_NO_PIC = NO;
				GCC_NO_COMMON_BLOCKS = YES;
				GCC_OPTIMIZATION_LEVEL = 0;
				GCC_PREPROCESSOR_DEFINITIONS = (
					"DEBUG=1",
					"$(inherited)",
				);
				GCC_WARN_64_TO_32_BIT_CONVERSION = YES;
				GCC_WARN_ABOUT_RETURN_TYPE = YES_ERROR;
				GCC_WARN_UNDECLARED_SELECTOR = YES;
				GCC_WARN_UNINITIALIZED_AUTOS = YES_AGGRESSIVE;
				GCC_WARN_UNUSED_FUNCTION = YES;
				GCC_WARN_UNUSED_VARIABLE = YES;
				IPHONEOS_DEPLOYMENT_TARGET = 9.3;
				MTL_ENABLE_DEBUG_INFO = YES;
				ONLY_ACTIVE_ARCH = YES;
				SDKROOT = iphoneos;
				TARGETED_DEVICE_FAMILY = "1,2";
			};
			name = Debug;
		};
		85DD9E591CC9244200DF09FB /* Release */ = {
			isa = XCBuildConfiguration;
			buildSettings = {
				ALWAYS_SEARCH_USER_PATHS = NO;
				CLANG_ANALYZER_NONNULL = YES;
				CLANG_CXX_LANGUAGE_STANDARD = "gnu++0x";
				CLANG_CXX_LIBRARY = "libc++";
				CLANG_ENABLE_MODULES = YES;
				CLANG_ENABLE_OBJC_ARC = YES;
				CLANG_WARN_BOOL_CONVERSION = YES;
				CLANG_WARN_CONSTANT_CONVERSION = YES;
				CLANG_WARN_DIRECT_OBJC_ISA_USAGE = YES_ERROR;
				CLANG_WARN_EMPTY_BODY = YES;
				CLANG_WARN_ENUM_CONVERSION = YES;
				CLANG_WARN_INT_CONVERSION = YES;
				CLANG_WARN_OBJC_ROOT_CLASS = YES_ERROR;
				CLANG_WARN_UNREACHABLE_CODE = YES;
				CLANG_WARN__DUPLICATE_METHOD_MATCH = YES;
				"CODE_SIGN_IDENTITY[sdk=iphoneos*]" = "iPhone Developer";
				COPY_PHASE_STRIP = NO;
				DEBUG_INFORMATION_FORMAT = "dwarf-with-dsym";
				ENABLE_NS_ASSERTIONS = NO;
				ENABLE_STRICT_OBJC_MSGSEND = YES;
				GCC_C_LANGUAGE_STANDARD = gnu99;
				GCC_NO_COMMON_BLOCKS = YES;
				GCC_WARN_64_TO_32_BIT_CONVERSION = YES;
				GCC_WARN_ABOUT_RETURN_TYPE = YES_ERROR;
				GCC_WARN_UNDECLARED_SELECTOR = YES;
				GCC_WARN_UNINITIALIZED_AUTOS = YES_AGGRESSIVE;
				GCC_WARN_UNUSED_FUNCTION = YES;
				GCC_WARN_UNUSED_VARIABLE = YES;
				IPHONEOS_DEPLOYMENT_TARGET = 9.3;
				MTL_ENABLE_DEBUG_INFO = NO;
				SDKROOT = iphoneos;
				TARGETED_DEVICE_FAMILY = "1,2";
				VALIDATE_PRODUCT = YES;
			};
			name = Release;
		};
		85DD9E5B1CC9244200DF09FB /* Debug */ = {
			isa = XCBuildConfiguration;
			baseConfigurationReference = 0E4D02ED57D47348E84D2A06 /* Pods.debug.xcconfig */;
			buildSettings = {
				ASSETCATALOG_COMPILER_APPICON_NAME = AppIcon;
				INFOPLIST_FILE = DAUFramework/Info.plist;
				LD_RUNPATH_SEARCH_PATHS = "$(inherited) @executable_path/Frameworks";
				PRODUCT_BUNDLE_IDENTIFIER = com.test.DAUFramework;
				PRODUCT_NAME = "$(TARGET_NAME)";
			};
			name = Debug;
		};
		85DD9E5C1CC9244200DF09FB /* Release */ = {
			isa = XCBuildConfiguration;
			baseConfigurationReference = 9321A3A095978CFFC40D25FC /* Pods.release.xcconfig */;
			buildSettings = {
				ASSETCATALOG_COMPILER_APPICON_NAME = AppIcon;
				INFOPLIST_FILE = DAUFramework/Info.plist;
				LD_RUNPATH_SEARCH_PATHS = "$(inherited) @executable_path/Frameworks";
				PRODUCT_BUNDLE_IDENTIFIER = com.test.DAUFramework;
				PRODUCT_NAME = "$(TARGET_NAME)";
			};
			name = Release;
		};
		85DD9E5E1CC9244200DF09FB /* Debug */ = {
			isa = XCBuildConfiguration;
			buildSettings = {
				BUNDLE_LOADER = "$(TEST_HOST)";
				INFOPLIST_FILE = DAUFrameworkTests/Info.plist;
				LD_RUNPATH_SEARCH_PATHS = "$(inherited) @executable_path/Frameworks @loader_path/Frameworks";
				PRODUCT_BUNDLE_IDENTIFIER = com.test.DAUFrameworkTests;
				PRODUCT_NAME = "$(TARGET_NAME)";
				TEST_HOST = "$(BUILT_PRODUCTS_DIR)/DAUFramework.app/DAUFramework";
			};
			name = Debug;
		};
		85DD9E5F1CC9244200DF09FB /* Release */ = {
			isa = XCBuildConfiguration;
			buildSettings = {
				BUNDLE_LOADER = "$(TEST_HOST)";
				INFOPLIST_FILE = DAUFrameworkTests/Info.plist;
				LD_RUNPATH_SEARCH_PATHS = "$(inherited) @executable_path/Frameworks @loader_path/Frameworks";
				PRODUCT_BUNDLE_IDENTIFIER = com.test.DAUFrameworkTests;
				PRODUCT_NAME = "$(TARGET_NAME)";
				TEST_HOST = "$(BUILT_PRODUCTS_DIR)/DAUFramework.app/DAUFramework";
			};
			name = Release;
		};
		85DD9E611CC9244200DF09FB /* Debug */ = {
			isa = XCBuildConfiguration;
			buildSettings = {
				INFOPLIST_FILE = DAUFrameworkUITests/Info.plist;
				LD_RUNPATH_SEARCH_PATHS = "$(inherited) @executable_path/Frameworks @loader_path/Frameworks";
				PRODUCT_BUNDLE_IDENTIFIER = com.test.DAUFrameworkUITests;
				PRODUCT_NAME = "$(TARGET_NAME)";
				TEST_TARGET_NAME = DAUFramework;
			};
			name = Debug;
		};
		85DD9E621CC9244200DF09FB /* Release */ = {
			isa = XCBuildConfiguration;
			buildSettings = {
				INFOPLIST_FILE = DAUFrameworkUITests/Info.plist;
				LD_RUNPATH_SEARCH_PATHS = "$(inherited) @executable_path/Frameworks @loader_path/Frameworks";
				PRODUCT_BUNDLE_IDENTIFIER = com.test.DAUFrameworkUITests;
				PRODUCT_NAME = "$(TARGET_NAME)";
				TEST_TARGET_NAME = DAUFramework;
			};
			name = Release;
		};
/* End XCBuildConfiguration section */

/* Begin XCConfigurationList section */
		85DD9E281CC9244100DF09FB /* Build configuration list for PBXProject "DAUFramework" */ = {
			isa = XCConfigurationList;
			buildConfigurations = (
				85DD9E581CC9244200DF09FB /* Debug */,
				85DD9E591CC9244200DF09FB /* Release */,
			);
			defaultConfigurationIsVisible = 0;
			defaultConfigurationName = Release;
		};
		85DD9E5A1CC9244200DF09FB /* Build configuration list for PBXNativeTarget "DAUFramework" */ = {
			isa = XCConfigurationList;
			buildConfigurations = (
				85DD9E5B1CC9244200DF09FB /* Debug */,
				85DD9E5C1CC9244200DF09FB /* Release */,
			);
			defaultConfigurationIsVisible = 0;
			defaultConfigurationName = Release;
		};
		85DD9E5D1CC9244200DF09FB /* Build configuration list for PBXNativeTarget "DAUFrameworkTests" */ = {
			isa = XCConfigurationList;
			buildConfigurations = (
				85DD9E5E1CC9244200DF09FB /* Debug */,
				85DD9E5F1CC9244200DF09FB /* Release */,
			);
			defaultConfigurationIsVisible = 0;
			defaultConfigurationName = Release;
		};
		85DD9E601CC9244200DF09FB /* Build configuration list for PBXNativeTarget "DAUFrameworkUITests" */ = {
			isa = XCConfigurationList;
			buildConfigurations = (
				85DD9E611CC9244200DF09FB /* Debug */,
				85DD9E621CC9244200DF09FB /* Release */,
			);
			defaultConfigurationIsVisible = 0;
			defaultConfigurationName = Release;
		};
/* End XCConfigurationList section */
	};
	rootObject = 85DD9E251CC9244100DF09FB /* Project object */;
}
